
Microsoft Visual Studio Solution File, Format Version 12.00
# Visual Studio Version 17
VisualStudioVersion = 17.5.33502.453
MinimumVisualStudioVersion = 10.0.40219.1
Project("{9A19103F-16F7-4668-BE54-9A1E7A4F7556}") = "ACM.BL", "ACM.BL\ACM.BL.csproj", "{6387971E-1D35-47C2-A4AD-3786D737B00F}"
EndProject
Project("{2150E333-8FDC-42A3-9474-1A3956D46DE8}") = "Tests", "Tests", "{49A580B8-77DA-4800-9A99-3ED33935A473}"
EndProject
Project("{FAE04EC0-301F-11D3-BF4B-00C04F79EFBC}") = "ACM.BLTest", "Tests\ACM.BLTest\ACM.BLTest.csproj", "{499EB0B3-EED2-489D-A49C-07DDF4DA0FA9}"
EndProject
Project("{FAE04EC0-301F-11D3-BF4B-00C04F79EFBC}") = "ACM.ConsoleApp", "ACM.ConsoleApp\ACM.ConsoleApp.csproj", "{7018B68D-B661-4607-A2F5-6C8A809E2CCE}"
EndProject
Global
	GlobalSection(SolutionConfigurationPlatforms) = preSolution
		Debug|Any CPU = Debug|Any CPU
		Release|Any CPU = Release|Any CPU
	EndGlobalSection
	GlobalSection(ProjectConfigurationPlatforms) = postSolution
		{6387971E-1D35-47C2-A4AD-3786D737B00F}.Debug|Any CPU.ActiveCfg = Debug|Any CPU
		{6387971E-1D35-47C2-A4AD-3786D737B00F}.Debug|Any CPU.Build.0 = Debug|Any CPU
		{6387971E-1D35-47C2-A4AD-3786D737B00F}.Release|Any CPU.ActiveCfg = Release|Any CPU
		{6387971E-1D35-47C2-A4AD-3786D737B00F}.Release|Any CPU.Build.0 = Release|Any CPU
		{499EB0B3-EED2-489D-A49C-07DDF4DA0FA9}.Debug|Any CPU.ActiveCfg = Debug|Any CPU
		{499EB0B3-EED2-489D-A49C-07DDF4DA0FA9}.Debug|Any CPU.Build.0 = Debug|Any CPU
		{499EB0B3-EED2-489D-A49C-07DDF4DA0FA9}.Release|Any CPU.ActiveCfg = Release|Any CPU
		{499EB0B3-EED2-489D-A49C-07DDF4DA0FA9}.Release|Any CPU.Build.0 = Release|Any CPU
		{7018B68D-B661-4607-A2F5-6C8A809E2CCE}.Debug|Any CPU.ActiveCfg = Debug|Any CPU
		{7018B68D-B661-4607-A2F5-6C8A809E2CCE}.Debug|Any CPU.Build.0 = Debug|Any CPU
		{7018B68D-B661-4607-A2F5-6C8A809E2CCE}.Release|Any CPU.ActiveCfg = Release|Any CPU
		{7018B68D-B661-4607-A2F5-6C8A809E2CCE}.Release|Any CPU.Build.0 = Release|Any CPU
	EndGlobalSection
	GlobalSection(SolutionProperties) = preSolution
		HideSolutionNode = FALSE
	EndGlobalSection
	GlobalSection(NestedProjects) = preSolution
		{499EB0B3-EED2-489D-A49C-07DDF4DA0FA9} = {49A580B8-77DA-4800-9A99-3ED33935A473}
	EndGlobalSection
	GlobalSection(ExtensibilityGlobals) = postSolution
		SolutionGuid = {1439EBAB-9C95-4582-B5B3-993DFBDDF050}
	EndGlobalSection
EndGlobal
